// !$*UTF8*$!
{
	archiveVersion = 1;
	classes = {
	};
	objectVersion = 50;
	objects = {

/* Begin PBXBuildFile section */
		225CC4152217AA4100D30B7A /* AppDelegate.swift in Sources */ = {isa = PBXBuildFile; fileRef = 225CC4142217AA4100D30B7A /* AppDelegate.swift */; };
		225CC4172217AA4100D30B7A /* ViewController.swift in Sources */ = {isa = PBXBuildFile; fileRef = 225CC4162217AA4100D30B7A /* ViewController.swift */; };
		225CC41A2217AA4100D30B7A /* Main.storyboard in Resources */ = {isa = PBXBuildFile; fileRef = 225CC4182217AA4100D30B7A /* Main.storyboard */; };
		225CC41C2217AA4100D30B7A /* Assets.xcassets in Resources */ = {isa = PBXBuildFile; fileRef = 225CC41B2217AA4100D30B7A /* Assets.xcassets */; };
		225CC41F2217AA4100D30B7A /* LaunchScreen.storyboard in Resources */ = {isa = PBXBuildFile; fileRef = 225CC41D2217AA4100D30B7A /* LaunchScreen.storyboard */; };
		225CC42A2217AA4200D30B7A /* ParstagramTests.swift in Sources */ = {isa = PBXBuildFile; fileRef = 225CC4292217AA4200D30B7A /* ParstagramTests.swift */; };
		225CC4352217AA4200D30B7A /* ParstagramUITests.swift in Sources */ = {isa = PBXBuildFile; fileRef = 225CC4342217AA4200D30B7A /* ParstagramUITests.swift */; };
/* End PBXBuildFile section */

/* Begin PBXContainerItemProxy section */
		225CC4262217AA4200D30B7A /* PBXContainerItemProxy */ = {
			isa = PBXContainerItemProxy;
			containerPortal = 225CC4092217AA4100D30B7A /* Project object */;
			proxyType = 1;
			remoteGlobalIDString = 225CC4102217AA4100D30B7A;
			remoteInfo = Parstagram;
		};
		225CC4312217AA4200D30B7A /* PBXContainerItemProxy */ = {
			isa = PBXContainerItemProxy;
			containerPortal = 225CC4092217AA4100D30B7A /* Project object */;
			proxyType = 1;
			remoteGlobalIDString = 225CC4102217AA4100D30B7A;
			remoteInfo = Parstagram;
		};
/* End PBXContainerItemProxy section */

/* Begin PBXFileReference section */
		225CC4112217AA4100D30B7A /* Parstagram.app */ = {isa = PBXFileReference; explicitFileType = wrapper.application; includeInIndex = 0; path = Parstagram.app; sourceTree = BUILT_PRODUCTS_DIR; };
		225CC4142217AA4100D30B7A /* AppDelegate.swift */ = {isa = PBXFileReference; lastKnownFileType = sourcecode.swift; path = AppDelegate.swift; sourceTree = "<group>"; };
		225CC4162217AA4100D30B7A /* ViewController.swift */ = {isa = PBXFileReference; lastKnownFileType = sourcecode.swift; path = ViewController.swift; sourceTree = "<group>"; };
		225CC4192217AA4100D30B7A /* Base */ = {isa = PBXFileReference; lastKnownFileType = file.storyboard; name = Base; path = Base.lproj/Main.storyboard; sourceTree = "<group>"; };
		225CC41B2217AA4100D30B7A /* Assets.xcassets */ = {isa = PBXFileReference; lastKnownFileType = folder.assetcatalog; path = Assets.xcassets; sourceTree = "<group>"; };
		225CC41E2217AA4100D30B7A /* Base */ = {isa = PBXFileReference; lastKnownFileType = file.storyboard; name = Base; path = Base.lproj/LaunchScreen.storyboard; sourceTree = "<group>"; };
		225CC4202217AA4100D30B7A /* Info.plist */ = {isa = PBXFileReference; lastKnownFileType = text.plist.xml; path = Info.plist; sourceTree = "<group>"; };
		225CC4252217AA4200D30B7A /* ParstagramTests.xctest */ = {isa = PBXFileReference; explicitFileType = wrapper.cfbundle; includeInIndex = 0; path = ParstagramTests.xctest; sourceTree = BUILT_PRODUCTS_DIR; };
		225CC4292217AA4200D30B7A /* ParstagramTests.swift */ = {isa = PBXFileReference; lastKnownFileType = sourcecode.swift; path = ParstagramTests.swift; sourceTree = "<group>"; };
		225CC42B2217AA4200D30B7A /* Info.plist */ = {isa = PBXFileReference; lastKnownFileType = text.plist.xml; path = Info.plist; sourceTree = "<group>"; };
		225CC4302217AA4200D30B7A /* ParstagramUITests.xctest */ = {isa = PBXFileReference; explicitFileType = wrapper.cfbundle; includeInIndex = 0; path = ParstagramUITests.xctest; sourceTree = BUILT_PRODUCTS_DIR; };
		225CC4342217AA4200D30B7A /* ParstagramUITests.swift */ = {isa = PBXFileReference; lastKnownFileType = sourcecode.swift; path = ParstagramUITests.swift; sourceTree = "<group>"; };
		225CC4362217AA4200D30B7A /* Info.plist */ = {isa = PBXFileReference; lastKnownFileType = text.plist.xml; path = Info.plist; sourceTree = "<group>"; };
/* End PBXFileReference section */

/* Begin PBXFrameworksBuildPhase section */
		225CC40E2217AA4100D30B7A /* Frameworks */ = {
			isa = PBXFrameworksBuildPhase;
			buildActionMask = 2147483647;
			files = (
			);
			runOnlyForDeploymentPostprocessing = 0;
		};
		225CC4222217AA4200D30B7A /* Frameworks */ = {
			isa = PBXFrameworksBuildPhase;
			buildActionMask = 2147483647;
			files = (
			);
			runOnlyForDeploymentPostprocessing = 0;
		};
		225CC42D2217AA4200D30B7A /* Frameworks */ = {
			isa = PBXFrameworksBuildPhase;
			buildActionMask = 2147483647;
			files = (
			);
			runOnlyForDeploymentPostprocessing = 0;
		};
/* End PBXFrameworksBuildPhase section */

/* Begin PBXGroup section */
		225CC4082217AA4100D30B7A = {
			isa = PBXGroup;
			children = (
				225CC4132217AA4100D30B7A /* Parstagram */,
				225CC4282217AA4200D30B7A /* ParstagramTests */,
				225CC4332217AA4200D30B7A /* ParstagramUITests */,
				225CC4122217AA4100D30B7A /* Products */,
			);
			sourceTree = "<group>";
		};
		225CC4122217AA4100D30B7A /* Products */ = {
			isa = PBXGroup;
			children = (
				225CC4112217AA4100D30B7A /* Parstagram.app */,
				225CC4252217AA4200D30B7A /* ParstagramTests.xctest */,
				225CC4302217AA4200D30B7A /* ParstagramUITests.xctest */,
			);
			name = Products;
			sourceTree = "<group>";
		};
		225CC4132217AA4100D30B7A /* Parstagram */ = {
			isa = PBXGroup;
			children = (
				225CC4142217AA4100D30B7A /* AppDelegate.swift */,
				225CC4162217AA4100D30B7A /* ViewController.swift */,
				225CC4182217AA4100D30B7A /* Main.storyboard */,
				225CC41B2217AA4100D30B7A /* Assets.xcassets */,
				225CC41D2217AA4100D30B7A /* LaunchScreen.storyboard */,
				225CC4202217AA4100D30B7A /* Info.plist */,
			);
			path = Parstagram;
			sourceTree = "<group>";
		};
		225CC4282217AA4200D30B7A /* ParstagramTests */ = {
			isa = PBXGroup;
			children = (
				225CC4292217AA4200D30B7A /* ParstagramTests.swift */,
				225CC42B2217AA4200D30B7A /* Info.plist */,
			);
			path = ParstagramTests;
			sourceTree = "<group>";
		};
		225CC4332217AA4200D30B7A /* ParstagramUITests */ = {
			isa = PBXGroup;
			children = (
				225CC4342217AA4200D30B7A /* ParstagramUITests.swift */,
				225CC4362217AA4200D30B7A /* Info.plist */,
			);
			path = ParstagramUITests;
			sourceTree = "<group>";
		};
/* End PBXGroup section */

/* Begin PBXNativeTarget section */
		225CC4102217AA4100D30B7A /* Parstagram */ = {
			isa = PBXNativeTarget;
			buildConfigurationList = 225CC4392217AA4200D30B7A /* Build configuration list for PBXNativeTarget "Parstagram" */;
			buildPhases = (
				225CC40D2217AA4100D30B7A /* Sources */,
				225CC40E2217AA4100D30B7A /* Frameworks */,
				225CC40F2217AA4100D30B7A /* Resources */,
			);
			buildRules = (
			);
			dependencies = (
			);
			name = Parstagram;
			productName = Parstagram;
			productReference = 225CC4112217AA4100D30B7A /* Parstagram.app */;
			productType = "com.apple.product-type.application";
		};
		225CC4242217AA4200D30B7A /* ParstagramTests */ = {
			isa = PBXNativeTarget;
			buildConfigurationList = 225CC43C2217AA4200D30B7A /* Build configuration list for PBXNativeTarget "ParstagramTests" */;
			buildPhases = (
				225CC4212217AA4200D30B7A /* Sources */,
				225CC4222217AA4200D30B7A /* Frameworks */,
				225CC4232217AA4200D30B7A /* Resources */,
			);
			buildRules = (
			);
			dependencies = (
				225CC4272217AA4200D30B7A /* PBXTargetDependency */,
			);
			name = ParstagramTests;
			productName = ParstagramTests;
			productReference = 225CC4252217AA4200D30B7A /* ParstagramTests.xctest */;
			productType = "com.apple.product-type.bundle.unit-test";
		};
		225CC42F2217AA4200D30B7A /* ParstagramUITests */ = {
			isa = PBXNativeTarget;
			buildConfigurationList = 225CC43F2217AA4200D30B7A /* Build configuration list for PBXNativeTarget "ParstagramUITests" */;
			buildPhases = (
				225CC42C2217AA4200D30B7A /* Sources */,
				225CC42D2217AA4200D30B7A /* Frameworks */,
				225CC42E2217AA4200D30B7A /* Resources */,
			);
			buildRules = (
			);
			dependencies = (
				225CC4322217AA4200D30B7A /* PBXTargetDependency */,
			);
			name = ParstagramUITests;
			productName = ParstagramUITests;
			productReference = 225CC4302217AA4200D30B7A /* ParstagramUITests.xctest */;
			productType = "com.apple.product-type.bundle.ui-testing";
		};
/* End PBXNativeTarget section */

/* Begin PBXProject section */
		225CC4092217AA4100D30B7A /* Project object */ = {
			isa = PBXProject;
			attributes = {
				LastSwiftUpdateCheck = 1010;
				LastUpgradeCheck = 1010;
				ORGANIZATIONNAME = "Huanjia Liang";
				TargetAttributes = {
					225CC4102217AA4100D30B7A = {
						CreatedOnToolsVersion = 10.1;
					};
					225CC4242217AA4200D30B7A = {
						CreatedOnToolsVersion = 10.1;
						TestTargetID = 225CC4102217AA4100D30B7A;
					};
					225CC42F2217AA4200D30B7A = {
						CreatedOnToolsVersion = 10.1;
						TestTargetID = 225CC4102217AA4100D30B7A;
					};
				};
			};
			buildConfigurationList = 225CC40C2217AA4100D30B7A /* Build configuration list for PBXProject "Parstagram" */;
			compatibilityVersion = "Xcode 9.3";
			developmentRegion = en;
			hasScannedForEncodings = 0;
			knownRegions = (
				en,
				Base,
			);
			mainGroup = 225CC4082217AA4100D30B7A;
			productRefGroup = 225CC4122217AA4100D30B7A /* Products */;
			projectDirPath = "";
			projectRoot = "";
			targets = (
				225CC4102217AA4100D30B7A /* Parstagram */,
				225CC4242217AA4200D30B7A /* ParstagramTests */,
				225CC42F2217AA4200D30B7A /* ParstagramUITests */,
			);
		};
/* End PBXProject section */

/* Begin PBXResourcesBuildPhase section */
		225CC40F2217AA4100D30B7A /* Resources */ = {
			isa = PBXResourcesBuildPhase;
			buildActionMask = 2147483647;
			files = (
				225CC41F2217AA4100D30B7A /* LaunchScreen.storyboard in Resources */,
				225CC41C2217AA4100D30B7A /* Assets.xcassets in Resources */,
				225CC41A2217AA4100D30B7A /* Main.storyboard in Resources */,
			);
			runOnlyForDeploymentPostprocessing = 0;
		};
		225CC4232217AA4200D30B7A /* Resources */ = {
			isa = PBXResourcesBuildPhase;
			buildActionMask = 2147483647;
			files = (
			);
			runOnlyForDeploymentPostprocessing = 0;
		};
		225CC42E2217AA4200D30B7A /* Resources */ = {
			isa = PBXResourcesBuildPhase;
			buildActionMask = 2147483647;
			files = (
			);
			runOnlyForDeploymentPostprocessing = 0;
		};
/* End PBXResourcesBuildPhase section */

/* Begin PBXSourcesBuildPhase section */
		225CC40D2217AA4100D30B7A /* Sources */ = {
			isa = PBXSourcesBuildPhase;
			buildActionMask = 2147483647;
			files = (
				225CC4172217AA4100D30B7A /* ViewController.swift in Sources */,
				225CC4152217AA4100D30B7A /* AppDelegate.swift in Sources */,
			);
			runOnlyForDeploymentPostprocessing = 0;
		};
		225CC4212217AA4200D30B7A /* Sources */ = {
			isa = PBXSourcesBuildPhase;
			buildActionMask = 2147483647;
			files = (
				225CC42A2217AA4200D30B7A /* ParstagramTests.swift in Sources */,
			);
			runOnlyForDeploymentPostprocessing = 0;
		};
		225CC42C2217AA4200D30B7A /* Sources */ = {
			isa = PBXSourcesBuildPhase;
			buildActionMask = 2147483647;
			files = (
				225CC4352217AA4200D30B7A /* ParstagramUITests.swift in Sources */,
			);
			runOnlyForDeploymentPostprocessing = 0;
		};
/* End PBXSourcesBuildPhase section */

/* Begin PBXTargetDependency section */
		225CC4272217AA4200D30B7A /* PBXTargetDependency */ = {
			isa = PBXTargetDependency;
			target = 225CC4102217AA4100D30B7A /* Parstagram */;
			targetProxy = 225CC4262217AA4200D30B7A /* PBXContainerItemProxy */;
		};
		225CC4322217AA4200D30B7A /* PBXTargetDependency */ = {
			isa = PBXTargetDependency;
			target = 225CC4102217AA4100D30B7A /* Parstagram */;
			targetProxy = 225CC4312217AA4200D30B7A /* PBXContainerItemProxy */;
		};
/* End PBXTargetDependency section */

/* Begin PBXVariantGroup section */
		225CC4182217AA4100D30B7A /* Main.storyboard */ = {
			isa = PBXVariantGroup;
			children = (
				225CC4192217AA4100D30B7A /* Base */,
			);
			name = Main.storyboard;
			sourceTree = "<group>";
		};
		225CC41D2217AA4100D30B7A /* LaunchScreen.storyboard */ = {
			isa = PBXVariantGroup;
			children = (
				225CC41E2217AA4100D30B7A /* Base */,
			);
			name = LaunchScreen.storyboard;
			sourceTree = "<group>";
		};
/* End PBXVariantGroup section */

/* Begin XCBuildConfiguration section */
		225CC4372217AA4200D30B7A /* Debug */ = {
			isa = XCBuildConfiguration;
			buildSettings = {
				ALWAYS_SEARCH_USER_PATHS = NO;
				CLANG_ANALYZER_NONNULL = YES;
				CLANG_ANALYZER_NUMBER_OBJECT_CONVERSION = YES_AGGRESSIVE;
				CLANG_CXX_LANGUAGE_STANDARD = "gnu++14";
				CLANG_CXX_LIBRARY = "libc++";
				CLANG_ENABLE_MODULES = YES;
				CLANG_ENABLE_OBJC_ARC = YES;
				CLANG_ENABLE_OBJC_WEAK = YES;
				CLANG_WARN_BLOCK_CAPTURE_AUTORELEASING = YES;
				CLANG_WARN_BOOL_CONVERSION = YES;
				CLANG_WARN_COMMA = YES;
				CLANG_WARN_CONSTANT_CONVERSION = YES;
				CLANG_WARN_DEPRECATED_OBJC_IMPLEMENTATIONS = YES;
				CLANG_WARN_DIRECT_OBJC_ISA_USAGE = YES_ERROR;
				CLANG_WARN_DOCUMENTATION_COMMENTS = YES;
				CLANG_WARN_EMPTY_BODY = YES;
				CLANG_WARN_ENUM_CONVERSION = YES;
				CLANG_WARN_INFINITE_RECURSION = YES;
				CLANG_WARN_INT_CONVERSION = YES;
				CLANG_WARN_NON_LITERAL_NULL_CONVERSION = YES;
				CLANG_WARN_OBJC_IMPLICIT_RETAIN_SELF = YES;
				CLANG_WARN_OBJC_LITERAL_CONVERSION = YES;
				CLANG_WARN_OBJC_ROOT_CLASS = YES_ERROR;
				CLANG_WARN_RANGE_LOOP_ANALYSIS = YES;
				CLANG_WARN_STRICT_PROTOTYPES = YES;
				CLANG_WARN_SUSPICIOUS_MOVE = YES;
				CLANG_WARN_UNGUARDED_AVAILABILITY = YES_AGGRESSIVE;
				CLANG_WARN_UNREACHABLE_CODE = YES;
				CLANG_WARN__DUPLICATE_METHOD_MATCH = YES;
				CODE_SIGN_IDENTITY = "iPhone Developer";
				COPY_PHASE_STRIP = NO;
				DEBUG_INFORMATION_FORMAT = dwarf;
				ENABLE_STRICT_OBJC_MSGSEND = YES;
				ENABLE_TESTABILITY = YES;
				GCC_C_LANGUAGE_STANDARD = gnu11;
				GCC_DYNAMIC_NO_PIC = NO;
				GCC_NO_COMMON_BLOCKS = YES;
				GCC_OPTIMIZATION_LEVEL = 0;
				GCC_PREPROCESSOR_DEFINITIONS = (
					"DEBUG=1",
					"$(inherited)",
				);
				GCC_WARN_64_TO_32_BIT_CONVERSION = YES;
				GCC_WARN_ABOUT_RETURN_TYPE = YES_ERROR;
				GCC_WARN_UNDECLARED_SELECTOR = YES;
				GCC_WARN_UNINITIALIZED_AUTOS = YES_AGGRESSIVE;
				GCC_WARN_UNUSED_FUNCTION = YES;
				GCC_WARN_UNUSED_VARIABLE = YES;
				IPHONEOS_DEPLOYMENT_TARGET = 12.1;
				MTL_ENABLE_DEBUG_INFO = INCLUDE_SOURCE;
				MTL_FAST_MATH = YES;
				ONLY_ACTIVE_ARCH = YES;
				SDKROOT = iphoneos;
				SWIFT_ACTIVE_COMPILATION_CONDITIONS = DEBUG;
				SWIFT_OPTIMIZATION_LEVEL = "-Onone";
			};
			name = Debug;
		};
		225CC4382217AA4200D30B7A /* Release */ = {
			isa = XCBuildConfiguration;
			buildSettings = {
				ALWAYS_SEARCH_USER_PATHS = NO;
				CLANG_ANALYZER_NONNULL = YES;
				CLANG_ANALYZER_NUMBER_OBJECT_CONVERSION = YES_AGGRESSIVE;
				CLANG_CXX_LANGUAGE_STANDARD = "gnu++14";
				CLANG_CXX_LIBRARY = "libc++";
				CLANG_ENABLE_MODULES = YES;
				CLANG_ENABLE_OBJC_ARC = YES;
				CLANG_ENABLE_OBJC_WEAK = YES;
				CLANG_WARN_BLOCK_CAPTURE_AUTORELEASING = YES;
				CLANG_WARN_BOOL_CONVERSION = YES;
				CLANG_WARN_COMMA = YES;
				CLANG_WARN_CONSTANT_CONVERSION = YES;
				CLANG_WARN_DEPRECATED_OBJC_IMPLEMENTATIONS = YES;
				CLANG_WARN_DIRECT_OBJC_ISA_USAGE = YES_ERROR;
				CLANG_WARN_DOCUMENTATION_COMMENTS = YES;
				CLANG_WARN_EMPTY_BODY = YES;
				CLANG_WARN_ENUM_CONVERSION = YES;
				CLANG_WARN_INFINITE_RECURSION = YES;
				CLANG_WARN_INT_CONVERSION = YES;
				CLANG_WARN_NON_LITERAL_NULL_CONVERSION = YES;
				CLANG_WARN_OBJC_IMPLICIT_RETAIN_SELF = YES;
				CLANG_WARN_OBJC_LITERAL_CONVERSION = YES;
				CLANG_WARN_OBJC_ROOT_CLASS = YES_ERROR;
				CLANG_WARN_RANGE_LOOP_ANALYSIS = YES;
				CLANG_WARN_STRICT_PROTOTYPES = YES;
				CLANG_WARN_SUSPICIOUS_MOVE = YES;
				CLANG_WARN_UNGUARDED_AVAILABILITY = YES_AGGRESSIVE;
				CLANG_WARN_UNREACHABLE_CODE = YES;
				CLANG_WARN__DUPLICATE_METHOD_MATCH = YES;
				CODE_SIGN_IDENTITY = "iPhone Developer";
				COPY_PHASE_STRIP = NO;
				DEBUG_INFORMATION_FORMAT = "dwarf-with-dsym";
				ENABLE_NS_ASSERTIONS = NO;
				ENABLE_STRICT_OBJC_MSGSEND = YES;
				GCC_C_LANGUAGE_STANDARD = gnu11;
				GCC_NO_COMMON_BLOCKS = YES;
				GCC_WARN_64_TO_32_BIT_CONVERSION = YES;
				GCC_WARN_ABOUT_RETURN_TYPE = YES_ERROR;
				GCC_WARN_UNDECLARED_SELECTOR = YES;
				GCC_WARN_UNINITIALIZED_AUTOS = YES_AGGRESSIVE;
				GCC_WARN_UNUSED_FUNCTION = YES;
				GCC_WARN_UNUSED_VARIABLE = YES;
				IPHONEOS_DEPLOYMENT_TARGET = 12.1;
				MTL_ENABLE_DEBUG_INFO = NO;
				MTL_FAST_MATH = YES;
				SDKROOT = iphoneos;
				SWIFT_COMPILATION_MODE = wholemodule;
				SWIFT_OPTIMIZATION_LEVEL = "-O";
				VALIDATE_PRODUCT = YES;
			};
			name = Release;
		};
		225CC43A2217AA4200D30B7A /* Debug */ = {
			isa = XCBuildConfiguration;
			buildSettings = {
				ASSETCATALOG_COMPILER_APPICON_NAME = AppIcon;
				CODE_SIGN_STYLE = Automatic;
				INFOPLIST_FILE = Parstagram/Info.plist;
				LD_RUNPATH_SEARCH_PATHS = (
					"$(inherited)",
					"@executable_path/Frameworks",
				);
				PRODUCT_BUNDLE_IDENTIFIER = Sam.playground.Parstagram;
				PRODUCT_NAME = "$(TARGET_NAME)";
				SWIFT_VERSION = 4.2;
				TARGETED_DEVICE_FAMILY = "1,2";
			};
			name = Debug;
		};
		225CC43B2217AA4200D30B7A /* Release */ = {
			isa = XCBuildConfiguration;
			buildSettings = {
				ASSETCATALOG_COMPILER_APPICON_NAME = AppIcon;
				CODE_SIGN_STYLE = Automatic;
				INFOPLIST_FILE = Parstagram/Info.plist;
				LD_RUNPATH_SEARCH_PATHS = (
					"$(inherited)",
					"@executable_path/Frameworks",
				);
				PRODUCT_BUNDLE_IDENTIFIER = Sam.playground.Parstagram;
				PRODUCT_NAME = "$(TARGET_NAME)";
				SWIFT_VERSION = 4.2;
				TARGETED_DEVICE_FAMILY = "1,2";
			};
			name = Release;
		};
		225CC43D2217AA4200D30B7A /* Debug */ = {
			isa = XCBuildConfiguration;
			buildSettings = {
				ALWAYS_EMBED_SWIFT_STANDARD_LIBRARIES = YES;
				BUNDLE_LOADER = "$(TEST_HOST)";
				CODE_SIGN_STYLE = Automatic;
				INFOPLIST_FILE = ParstagramTests/Info.plist;
				LD_RUNPATH_SEARCH_PATHS = (
					"$(inherited)",
					"@executable_path/Frameworks",
					"@loader_path/Frameworks",
				);
				PRODUCT_BUNDLE_IDENTIFIER = Sam.playground.ParstagramTests;
				PRODUCT_NAME = "$(TARGET_NAME)";
				SWIFT_VERSION = 4.2;
				TARGETED_DEVICE_FAMILY = "1,2";
				TEST_HOST = "$(BUILT_PRODUCTS_DIR)/Parstagram.app/Parstagram";
			};
			name = Debug;
		};
		225CC43E2217AA4200D30B7A /* Release */ = {
			isa = XCBuildConfiguration;
			buildSettings = {
				ALWAYS_EMBED_SWIFT_STANDARD_LIBRARIES = YES;
				BUNDLE_LOADER = "$(TEST_HOST)";
				CODE_SIGN_STYLE = Automatic;
				INFOPLIST_FILE = ParstagramTests/Info.plist;
				LD_RUNPATH_SEARCH_PATHS = (
					"$(inherited)",
					"@executable_path/Frameworks",
					"@loader_path/Frameworks",
				);
				PRODUCT_BUNDLE_IDENTIFIER = Sam.playground.ParstagramTests;
				PRODUCT_NAME = "$(TARGET_NAME)";
				SWIFT_VERSION = 4.2;
				TARGETED_DEVICE_FAMILY = "1,2";
				TEST_HOST = "$(BUILT_PRODUCTS_DIR)/Parstagram.app/Parstagram";
			};
			name = Release;
		};
		225CC4402217AA4200D30B7A /* Debug */ = {
			isa = XCBuildConfiguration;
			buildSettings = {
				ALWAYS_EMBED_SWIFT_STANDARD_LIBRARIES = YES;
				CODE_SIGN_STYLE = Automatic;
				INFOPLIST_FILE = ParstagramUITests/Info.plist;
				LD_RUNPATH_SEARCH_PATHS = (
					"$(inherited)",
					"@executable_path/Frameworks",
					"@loader_path/Frameworks",
				);
				PRODUCT_BUNDLE_IDENTIFIER = Sam.playground.ParstagramUITests;
				PRODUCT_NAME = "$(TARGET_NAME)";
				SWIFT_VERSION = 4.2;
				TARGETED_DEVICE_FAMILY = "1,2";
				TEST_TARGET_NAME = Parstagram;
			};
			name = Debug;
		};
		225CC4412217AA4200D30B7A /* Release */ = {
			isa = XCBuildConfiguration;
			buildSettings = {
				ALWAYS_EMBED_SWIFT_STANDARD_LIBRARIES = YES;
				CODE_SIGN_STYLE = Automatic;
				INFOPLIST_FILE = ParstagramUITests/Info.plist;
				LD_RUNPATH_SEARCH_PATHS = (
					"$(inherited)",
					"@executable_path/Frameworks",
					"@loader_path/Frameworks",
				);
				PRODUCT_BUNDLE_IDENTIFIER = Sam.playground.ParstagramUITests;
				PRODUCT_NAME = "$(TARGET_NAME)";
				SWIFT_VERSION = 4.2;
				TARGETED_DEVICE_FAMILY = "1,2";
				TEST_TARGET_NAME = Parstagram;
			};
			name = Release;
		};
/* End XCBuildConfiguration section */

/* Begin XCConfigurationList section */
		225CC40C2217AA4100D30B7A /* Build configuration list for PBXProject "Parstagram" */ = {
			isa = XCConfigurationList;
			buildConfigurations = (
				225CC4372217AA4200D30B7A /* Debug */,
				225CC4382217AA4200D30B7A /* Release */,
			);
			defaultConfigurationIsVisible = 0;
			defaultConfigurationName = Release;
		};
		225CC4392217AA4200D30B7A /* Build configuration list for PBXNativeTarget "Parstagram" */ = {
			isa = XCConfigurationList;
			buildConfigurations = (
				225CC43A2217AA4200D30B7A /* Debug */,
				225CC43B2217AA4200D30B7A /* Release */,
			);
			defaultConfigurationIsVisible = 0;
			defaultConfigurationName = Release;
		};
		225CC43C2217AA4200D30B7A /* Build configuration list for PBXNativeTarget "ParstagramTests" */ = {
			isa = XCConfigurationList;
			buildConfigurations = (
				225CC43D2217AA4200D30B7A /* Debug */,
				225CC43E2217AA4200D30B7A /* Release */,
			);
			defaultConfigurationIsVisible = 0;
			defaultConfigurationName = Release;
		};
		225CC43F2217AA4200D30B7A /* Build configuration list for PBXNativeTarget "ParstagramUITests" */ = {
			isa = XCConfigurationList;
			buildConfigurations = (
				225CC4402217AA4200D30B7A /* Debug */,
				225CC4412217AA4200D30B7A /* Release */,
			);
			defaultConfigurationIsVisible = 0;
			defaultConfigurationName = Release;
		};
/* End XCConfigurationList section */
	};
	rootObject = 225CC4092217AA4100D30B7A /* Project object */;
}
