// !$*UTF8*$!
{
	archiveVersion = 1;
	classes = {
	};
	objectVersion = 50;
	objects = {

/* Begin PBXBuildFile section */
		225CC4152217AA4100D30B7A /* AppDelegate.swift in Sources */ = {isa = PBXBuildFile; fileRef = 225CC4142217AA4100D30B7A /* AppDelegate.swift */; };
		225CC41A2217AA4100D30B7A /* Main.storyboard in Resources */ = {isa = PBXBuildFile; fileRef = 225CC4182217AA4100D30B7A /* Main.storyboard */; };
		225CC41C2217AA4100D30B7A /* Assets.xcassets in Resources */ = {isa = PBXBuildFile; fileRef = 225CC41B2217AA4100D30B7A /* Assets.xcassets */; };
		225CC41F2217AA4100D30B7A /* LaunchScreen.storyboard in Resources */ = {isa = PBXBuildFile; fileRef = 225CC41D2217AA4100D30B7A /* LaunchScreen.storyboard */; };
		225CC42A2217AA4200D30B7A /* ParstagramTests.swift in Sources */ = {isa = PBXBuildFile; fileRef = 225CC4292217AA4200D30B7A /* ParstagramTests.swift */; };
		225CC4352217AA4200D30B7A /* ParstagramUITests.swift in Sources */ = {isa = PBXBuildFile; fileRef = 225CC4342217AA4200D30B7A /* ParstagramUITests.swift */; };
		227A8AF9221A2C510022A6BC /* LoginViewController.swift in Sources */ = {isa = PBXBuildFile; fileRef = 227A8AF8221A2C510022A6BC /* LoginViewController.swift */; };
		227A8AFB221A2C5A0022A6BC /* FeedViewController.swift in Sources */ = {isa = PBXBuildFile; fileRef = 227A8AFA221A2C5A0022A6BC /* FeedViewController.swift */; };
		227A8AFD221A41BD0022A6BC /* CameraViewController.swift in Sources */ = {isa = PBXBuildFile; fileRef = 227A8AFC221A41BD0022A6BC /* CameraViewController.swift */; };
		227A8B01221A508E0022A6BC /* PostCell.swift in Sources */ = {isa = PBXBuildFile; fileRef = 227A8B00221A508E0022A6BC /* PostCell.swift */; };
		665D11A13FD91369D7975161 /* Pods_ParstagramUITests.framework in Frameworks */ = {isa = PBXBuildFile; fileRef = 84785A152E31F74163278C19 /* Pods_ParstagramUITests.framework */; };
		8AADBC15E1EE7667F9F1409F /* Pods_ParstagramTests.framework in Frameworks */ = {isa = PBXBuildFile; fileRef = B4B92BAE252A5780DB678E97 /* Pods_ParstagramTests.framework */; };
		CA8DC6E564312477BEA4C252 /* Pods_Parstagram.framework in Frameworks */ = {isa = PBXBuildFile; fileRef = 901807366D7435814B0FCCDB /* Pods_Parstagram.framework */; };
/* End PBXBuildFile section */

/* Begin PBXContainerItemProxy section */
		225CC4262217AA4200D30B7A /* PBXContainerItemProxy */ = {
			isa = PBXContainerItemProxy;
			containerPortal = 225CC4092217AA4100D30B7A /* Project object */;
			proxyType = 1;
			remoteGlobalIDString = 225CC4102217AA4100D30B7A;
			remoteInfo = Parstagram;
		};
		225CC4312217AA4200D30B7A /* PBXContainerItemProxy */ = {
			isa = PBXContainerItemProxy;
			containerPortal = 225CC4092217AA4100D30B7A /* Project object */;
			proxyType = 1;
			remoteGlobalIDString = 225CC4102217AA4100D30B7A;
			remoteInfo = Parstagram;
		};
/* End PBXContainerItemProxy section */

/* Begin PBXFileReference section */
		0E345D1E080AF43AB2A5DE0D /* Pods-Parstagram.release.xcconfig */ = {isa = PBXFileReference; includeInIndex = 1; lastKnownFileType = text.xcconfig; name = "Pods-Parstagram.release.xcconfig"; path = "Pods/Target Support Files/Pods-Parstagram/Pods-Parstagram.release.xcconfig"; sourceTree = "<group>"; };
		225CC4112217AA4100D30B7A /* Parstagram.app */ = {isa = PBXFileReference; explicitFileType = wrapper.application; includeInIndex = 0; path = Parstagram.app; sourceTree = BUILT_PRODUCTS_DIR; };
		225CC4142217AA4100D30B7A /* AppDelegate.swift */ = {isa = PBXFileReference; lastKnownFileType = sourcecode.swift; path = AppDelegate.swift; sourceTree = "<group>"; };
		225CC4192217AA4100D30B7A /* Base */ = {isa = PBXFileReference; lastKnownFileType = file.storyboard; name = Base; path = Base.lproj/Main.storyboard; sourceTree = "<group>"; };
		225CC41B2217AA4100D30B7A /* Assets.xcassets */ = {isa = PBXFileReference; lastKnownFileType = folder.assetcatalog; path = Assets.xcassets; sourceTree = "<group>"; };
		225CC41E2217AA4100D30B7A /* Base */ = {isa = PBXFileReference; lastKnownFileType = file.storyboard; name = Base; path = Base.lproj/LaunchScreen.storyboard; sourceTree = "<group>"; };
		225CC4202217AA4100D30B7A /* Info.plist */ = {isa = PBXFileReference; lastKnownFileType = text.plist.xml; path = Info.plist; sourceTree = "<group>"; };
		225CC4252217AA4200D30B7A /* ParstagramTests.xctest */ = {isa = PBXFileReference; explicitFileType = wrapper.cfbundle; includeInIndex = 0; path = ParstagramTests.xctest; sourceTree = BUILT_PRODUCTS_DIR; };
		225CC4292217AA4200D30B7A /* ParstagramTests.swift */ = {isa = PBXFileReference; lastKnownFileType = sourcecode.swift; path = ParstagramTests.swift; sourceTree = "<group>"; };
		225CC42B2217AA4200D30B7A /* Info.plist */ = {isa = PBXFileReference; lastKnownFileType = text.plist.xml; path = Info.plist; sourceTree = "<group>"; };
		225CC4302217AA4200D30B7A /* ParstagramUITests.xctest */ = {isa = PBXFileReference; explicitFileType = wrapper.cfbundle; includeInIndex = 0; path = ParstagramUITests.xctest; sourceTree = BUILT_PRODUCTS_DIR; };
		225CC4342217AA4200D30B7A /* ParstagramUITests.swift */ = {isa = PBXFileReference; lastKnownFileType = sourcecode.swift; path = ParstagramUITests.swift; sourceTree = "<group>"; };
		225CC4362217AA4200D30B7A /* Info.plist */ = {isa = PBXFileReference; lastKnownFileType = text.plist.xml; path = Info.plist; sourceTree = "<group>"; };
		227A8AF8221A2C510022A6BC /* LoginViewController.swift */ = {isa = PBXFileReference; lastKnownFileType = sourcecode.swift; path = LoginViewController.swift; sourceTree = "<group>"; };
		227A8AFA221A2C5A0022A6BC /* FeedViewController.swift */ = {isa = PBXFileReference; lastKnownFileType = sourcecode.swift; path = FeedViewController.swift; sourceTree = "<group>"; };
		227A8AFC221A41BD0022A6BC /* CameraViewController.swift */ = {isa = PBXFileReference; lastKnownFileType = sourcecode.swift; path = CameraViewController.swift; sourceTree = "<group>"; };
		227A8B00221A508E0022A6BC /* PostCell.swift */ = {isa = PBXFileReference; lastKnownFileType = sourcecode.swift; path = PostCell.swift; sourceTree = "<group>"; };
		73E24907071C06CA8E99609E /* Pods-ParstagramUITests.release.xcconfig */ = {isa = PBXFileReference; includeInIndex = 1; lastKnownFileType = text.xcconfig; name = "Pods-ParstagramUITests.release.xcconfig"; path = "Pods/Target Support Files/Pods-ParstagramUITests/Pods-ParstagramUITests.release.xcconfig"; sourceTree = "<group>"; };
		74AAF72C7D812A4DC7F6E5DC /* Pods-Parstagram.debug.xcconfig */ = {isa = PBXFileReference; includeInIndex = 1; lastKnownFileType = text.xcconfig; name = "Pods-Parstagram.debug.xcconfig"; path = "Pods/Target Support Files/Pods-Parstagram/Pods-Parstagram.debug.xcconfig"; sourceTree = "<group>"; };
		84785A152E31F74163278C19 /* Pods_ParstagramUITests.framework */ = {isa = PBXFileReference; explicitFileType = wrapper.framework; includeInIndex = 0; path = Pods_ParstagramUITests.framework; sourceTree = BUILT_PRODUCTS_DIR; };
		901807366D7435814B0FCCDB /* Pods_Parstagram.framework */ = {isa = PBXFileReference; explicitFileType = wrapper.framework; includeInIndex = 0; path = Pods_Parstagram.framework; sourceTree = BUILT_PRODUCTS_DIR; };
		99529B8E503D824CD8746A64 /* Pods-ParstagramTests.release.xcconfig */ = {isa = PBXFileReference; includeInIndex = 1; lastKnownFileType = text.xcconfig; name = "Pods-ParstagramTests.release.xcconfig"; path = "Pods/Target Support Files/Pods-ParstagramTests/Pods-ParstagramTests.release.xcconfig"; sourceTree = "<group>"; };
		AEAD954E4FE239E8F62FC49E /* Pods-ParstagramTests.debug.xcconfig */ = {isa = PBXFileReference; includeInIndex = 1; lastKnownFileType = text.xcconfig; name = "Pods-ParstagramTests.debug.xcconfig"; path = "Pods/Target Support Files/Pods-ParstagramTests/Pods-ParstagramTests.debug.xcconfig"; sourceTree = "<group>"; };
		B4B92BAE252A5780DB678E97 /* Pods_ParstagramTests.framework */ = {isa = PBXFileReference; explicitFileType = wrapper.framework; includeInIndex = 0; path = Pods_ParstagramTests.framework; sourceTree = BUILT_PRODUCTS_DIR; };
		B92D02194A4E8521B0462580 /* Pods-ParstagramUITests.debug.xcconfig */ = {isa = PBXFileReference; includeInIndex = 1; lastKnownFileType = text.xcconfig; name = "Pods-ParstagramUITests.debug.xcconfig"; path = "Pods/Target Support Files/Pods-ParstagramUITests/Pods-ParstagramUITests.debug.xcconfig"; sourceTree = "<group>"; };
/* End PBXFileReference section */

/* Begin PBXFrameworksBuildPhase section */
		225CC40E2217AA4100D30B7A /* Frameworks */ = {
			isa = PBXFrameworksBuildPhase;
			buildActionMask = 2147483647;
			files = (
				CA8DC6E564312477BEA4C252 /* Pods_Parstagram.framework in Frameworks */,
			);
			runOnlyForDeploymentPostprocessing = 0;
		};
		225CC4222217AA4200D30B7A /* Frameworks */ = {
			isa = PBXFrameworksBuildPhase;
			buildActionMask = 2147483647;
			files = (
				8AADBC15E1EE7667F9F1409F /* Pods_ParstagramTests.framework in Frameworks */,
			);
			runOnlyForDeploymentPostprocessing = 0;
		};
		225CC42D2217AA4200D30B7A /* Frameworks */ = {
			isa = PBXFrameworksBuildPhase;
			buildActionMask = 2147483647;
			files = (
				665D11A13FD91369D7975161 /* Pods_ParstagramUITests.framework in Frameworks */,
			);
			runOnlyForDeploymentPostprocessing = 0;
		};
/* End PBXFrameworksBuildPhase section */

/* Begin PBXGroup section */
		225CC4082217AA4100D30B7A = {
			isa = PBXGroup;
			children = (
				225CC4132217AA4100D30B7A /* Parstagram */,
				225CC4282217AA4200D30B7A /* ParstagramTests */,
				225CC4332217AA4200D30B7A /* ParstagramUITests */,
				225CC4122217AA4100D30B7A /* Products */,
				CE213FE7EB13A3C87AE5E7F8 /* Pods */,
				FC2453C63790DD267A487A95 /* Frameworks */,
			);
			sourceTree = "<group>";
		};
		225CC4122217AA4100D30B7A /* Products */ = {
			isa = PBXGroup;
			children = (
				225CC4112217AA4100D30B7A /* Parstagram.app */,
				225CC4252217AA4200D30B7A /* ParstagramTests.xctest */,
				225CC4302217AA4200D30B7A /* ParstagramUITests.xctest */,
			);
			name = Products;
			sourceTree = "<group>";
		};
		225CC4132217AA4100D30B7A /* Parstagram */ = {
			isa = PBXGroup;
			children = (
				225CC4142217AA4100D30B7A /* AppDelegate.swift */,
				225CC4182217AA4100D30B7A /* Main.storyboard */,
				225CC41B2217AA4100D30B7A /* Assets.xcassets */,
				225CC41D2217AA4100D30B7A /* LaunchScreen.storyboard */,
				225CC4202217AA4100D30B7A /* Info.plist */,
				227A8AF8221A2C510022A6BC /* LoginViewController.swift */,
				227A8AFA221A2C5A0022A6BC /* FeedViewController.swift */,
				227A8AFC221A41BD0022A6BC /* CameraViewController.swift */,
				227A8B00221A508E0022A6BC /* PostCell.swift */,
			);
			path = Parstagram;
			sourceTree = "<group>";
		};
		225CC4282217AA4200D30B7A /* ParstagramTests */ = {
			isa = PBXGroup;
			children = (
				225CC4292217AA4200D30B7A /* ParstagramTests.swift */,
				225CC42B2217AA4200D30B7A /* Info.plist */,
			);
			path = ParstagramTests;
			sourceTree = "<group>";
		};
		225CC4332217AA4200D30B7A /* ParstagramUITests */ = {
			isa = PBXGroup;
			children = (
				225CC4342217AA4200D30B7A /* ParstagramUITests.swift */,
				225CC4362217AA4200D30B7A /* Info.plist */,
			);
			path = ParstagramUITests;
			sourceTree = "<group>";
		};
		CE213FE7EB13A3C87AE5E7F8 /* Pods */ = {
			isa = PBXGroup;
			children = (
				74AAF72C7D812A4DC7F6E5DC /* Pods-Parstagram.debug.xcconfig */,
				0E345D1E080AF43AB2A5DE0D /* Pods-Parstagram.release.xcconfig */,
				AEAD954E4FE239E8F62FC49E /* Pods-ParstagramTests.debug.xcconfig */,
				99529B8E503D824CD8746A64 /* Pods-ParstagramTests.release.xcconfig */,
				B92D02194A4E8521B0462580 /* Pods-ParstagramUITests.debug.xcconfig */,
				73E24907071C06CA8E99609E /* Pods-ParstagramUITests.release.xcconfig */,
			);
			name = Pods;
			sourceTree = "<group>";
		};
		FC2453C63790DD267A487A95 /* Frameworks */ = {
			isa = PBXGroup;
			children = (
				901807366D7435814B0FCCDB /* Pods_Parstagram.framework */,
				B4B92BAE252A5780DB678E97 /* Pods_ParstagramTests.framework */,
				84785A152E31F74163278C19 /* Pods_ParstagramUITests.framework */,
			);
			name = Frameworks;
			sourceTree = "<group>";
		};
/* End PBXGroup section */

/* Begin PBXNativeTarget section */
		225CC4102217AA4100D30B7A /* Parstagram */ = {
			isa = PBXNativeTarget;
			buildConfigurationList = 225CC4392217AA4200D30B7A /* Build configuration list for PBXNativeTarget "Parstagram" */;
			buildPhases = (
				940889ABF838B22F507AC3BB /* [CP] Check Pods Manifest.lock */,
				225CC40D2217AA4100D30B7A /* Sources */,
				225CC40E2217AA4100D30B7A /* Frameworks */,
				225CC40F2217AA4100D30B7A /* Resources */,
				D11275E891F4DDCC781BFF92 /* [CP] Embed Pods Frameworks */,
			);
			buildRules = (
			);
			dependencies = (
			);
			name = Parstagram;
			productName = Parstagram;
			productReference = 225CC4112217AA4100D30B7A /* Parstagram.app */;
			productType = "com.apple.product-type.application";
		};
		225CC4242217AA4200D30B7A /* ParstagramTests */ = {
			isa = PBXNativeTarget;
			buildConfigurationList = 225CC43C2217AA4200D30B7A /* Build configuration list for PBXNativeTarget "ParstagramTests" */;
			buildPhases = (
				9F9F67A73B08DE141C7C51B5 /* [CP] Check Pods Manifest.lock */,
				225CC4212217AA4200D30B7A /* Sources */,
				225CC4222217AA4200D30B7A /* Frameworks */,
				225CC4232217AA4200D30B7A /* Resources */,
			);
			buildRules = (
			);
			dependencies = (
				225CC4272217AA4200D30B7A /* PBXTargetDependency */,
			);
			name = ParstagramTests;
			productName = ParstagramTests;
			productReference = 225CC4252217AA4200D30B7A /* ParstagramTests.xctest */;
			productType = "com.apple.product-type.bundle.unit-test";
		};
		225CC42F2217AA4200D30B7A /* ParstagramUITests */ = {
			isa = PBXNativeTarget;
			buildConfigurationList = 225CC43F2217AA4200D30B7A /* Build configuration list for PBXNativeTarget "ParstagramUITests" */;
			buildPhases = (
				3D4ED668D8EE524F2098B593 /* [CP] Check Pods Manifest.lock */,
				225CC42C2217AA4200D30B7A /* Sources */,
				225CC42D2217AA4200D30B7A /* Frameworks */,
				225CC42E2217AA4200D30B7A /* Resources */,
			);
			buildRules = (
			);
			dependencies = (
				225CC4322217AA4200D30B7A /* PBXTargetDependency */,
			);
			name = ParstagramUITests;
			productName = ParstagramUITests;
			productReference = 225CC4302217AA4200D30B7A /* ParstagramUITests.xctest */;
			productType = "com.apple.product-type.bundle.ui-testing";
		};
/* End PBXNativeTarget section */

/* Begin PBXProject section */
		225CC4092217AA4100D30B7A /* Project object */ = {
			isa = PBXProject;
			attributes = {
				LastSwiftUpdateCheck = 1010;
				LastUpgradeCheck = 1010;
				ORGANIZATIONNAME = "Huanjia Liang";
				TargetAttributes = {
					225CC4102217AA4100D30B7A = {
						CreatedOnToolsVersion = 10.1;
					};
					225CC4242217AA4200D30B7A = {
						CreatedOnToolsVersion = 10.1;
						TestTargetID = 225CC4102217AA4100D30B7A;
					};
					225CC42F2217AA4200D30B7A = {
						CreatedOnToolsVersion = 10.1;
						TestTargetID = 225CC4102217AA4100D30B7A;
					};
				};
			};
			buildConfigurationList = 225CC40C2217AA4100D30B7A /* Build configuration list for PBXProject "Parstagram" */;
			compatibilityVersion = "Xcode 9.3";
			developmentRegion = en;
			hasScannedForEncodings = 0;
			knownRegions = (
				en,
				Base,
			);
			mainGroup = 225CC4082217AA4100D30B7A;
			productRefGroup = 225CC4122217AA4100D30B7A /* Products */;
			projectDirPath = "";
			projectRoot = "";
			targets = (
				225CC4102217AA4100D30B7A /* Parstagram */,
				225CC4242217AA4200D30B7A /* ParstagramTests */,
				225CC42F2217AA4200D30B7A /* ParstagramUITests */,
			);
		};
/* End PBXProject section */

/* Begin PBXResourcesBuildPhase section */
		225CC40F2217AA4100D30B7A /* Resources */ = {
			isa = PBXResourcesBuildPhase;
			buildActionMask = 2147483647;
			files = (
				225CC41F2217AA4100D30B7A /* LaunchScreen.storyboard in Resources */,
				225CC41C2217AA4100D30B7A /* Assets.xcassets in Resources */,
				225CC41A2217AA4100D30B7A /* Main.storyboard in Resources */,
			);
			runOnlyForDeploymentPostprocessing = 0;
		};
		225CC4232217AA4200D30B7A /* Resources */ = {
			isa = PBXResourcesBuildPhase;
			buildActionMask = 2147483647;
			files = (
			);
			runOnlyForDeploymentPostprocessing = 0;
		};
		225CC42E2217AA4200D30B7A /* Resources */ = {
			isa = PBXResourcesBuildPhase;
			buildActionMask = 2147483647;
			files = (
			);
			runOnlyForDeploymentPostprocessing = 0;
		};
/* End PBXResourcesBuildPhase section */

/* Begin PBXShellScriptBuildPhase section */
		3D4ED668D8EE524F2098B593 /* [CP] Check Pods Manifest.lock */ = {
			isa = PBXShellScriptBuildPhase;
			buildActionMask = 2147483647;
			files = (
			);
			inputFileListPaths = (
			);
			inputPaths = (
				"${PODS_PODFILE_DIR_PATH}/Podfile.lock",
				"${PODS_ROOT}/Manifest.lock",
			);
			name = "[CP] Check Pods Manifest.lock";
			outputFileListPaths = (
			);
			outputPaths = (
				"$(DERIVED_FILE_DIR)/Pods-ParstagramUITests-checkManifestLockResult.txt",
			);
			runOnlyForDeploymentPostprocessing = 0;
			shellPath = /bin/sh;
			shellScript = "diff \"${PODS_PODFILE_DIR_PATH}/Podfile.lock\" \"${PODS_ROOT}/Manifest.lock\" > /dev/null\nif [ $? != 0 ] ; then\n    # print error to STDERR\n    echo \"error: The sandbox is not in sync with the Podfile.lock. Run 'pod install' or update your CocoaPods installation.\" >&2\n    exit 1\nfi\n# This output is used by Xcode 'outputs' to avoid re-running this script phase.\necho \"SUCCESS\" > \"${SCRIPT_OUTPUT_FILE_0}\"\n";
			showEnvVarsInLog = 0;
		};
		940889ABF838B22F507AC3BB /* [CP] Check Pods Manifest.lock */ = {
			isa = PBXShellScriptBuildPhase;
			buildActionMask = 2147483647;
			files = (
			);
			inputFileListPaths = (
			);
			inputPaths = (
				"${PODS_PODFILE_DIR_PATH}/Podfile.lock",
				"${PODS_ROOT}/Manifest.lock",
			);
			name = "[CP] Check Pods Manifest.lock";
			outputFileListPaths = (
			);
			outputPaths = (
				"$(DERIVED_FILE_DIR)/Pods-Parstagram-checkManifestLockResult.txt",
			);
			runOnlyForDeploymentPostprocessing = 0;
			shellPath = /bin/sh;
			shellScript = "diff \"${PODS_PODFILE_DIR_PATH}/Podfile.lock\" \"${PODS_ROOT}/Manifest.lock\" > /dev/null\nif [ $? != 0 ] ; then\n    # print error to STDERR\n    echo \"error: The sandbox is not in sync with the Podfile.lock. Run 'pod install' or update your CocoaPods installation.\" >&2\n    exit 1\nfi\n# This output is used by Xcode 'outputs' to avoid re-running this script phase.\necho \"SUCCESS\" > \"${SCRIPT_OUTPUT_FILE_0}\"\n";
			showEnvVarsInLog = 0;
		};
		9F9F67A73B08DE141C7C51B5 /* [CP] Check Pods Manifest.lock */ = {
			isa = PBXShellScriptBuildPhase;
			buildActionMask = 2147483647;
			files = (
			);
			inputFileListPaths = (
			);
			inputPaths = (
				"${PODS_PODFILE_DIR_PATH}/Podfile.lock",
				"${PODS_ROOT}/Manifest.lock",
			);
			name = "[CP] Check Pods Manifest.lock";
			outputFileListPaths = (
			);
			outputPaths = (
				"$(DERIVED_FILE_DIR)/Pods-ParstagramTests-checkManifestLockResult.txt",
			);
			runOnlyForDeploymentPostprocessing = 0;
			shellPath = /bin/sh;
			shellScript = "diff \"${PODS_PODFILE_DIR_PATH}/Podfile.lock\" \"${PODS_ROOT}/Manifest.lock\" > /dev/null\nif [ $? != 0 ] ; then\n    # print error to STDERR\n    echo \"error: The sandbox is not in sync with the Podfile.lock. Run 'pod install' or update your CocoaPods installation.\" >&2\n    exit 1\nfi\n# This output is used by Xcode 'outputs' to avoid re-running this script phase.\necho \"SUCCESS\" > \"${SCRIPT_OUTPUT_FILE_0}\"\n";
			showEnvVarsInLog = 0;
		};
		D11275E891F4DDCC781BFF92 /* [CP] Embed Pods Frameworks */ = {
			isa = PBXShellScriptBuildPhase;
			buildActionMask = 2147483647;
			files = (
			);
			inputFileListPaths = (
			);
			inputPaths = (
				"${SRCROOT}/Pods/Target Support Files/Pods-Parstagram/Pods-Parstagram-frameworks.sh",
				"${BUILT_PRODUCTS_DIR}/Alamofire/Alamofire.framework",
				"${BUILT_PRODUCTS_DIR}/AlamofireImage/AlamofireImage.framework",
				"${BUILT_PRODUCTS_DIR}/Bolts/Bolts.framework",
				"${BUILT_PRODUCTS_DIR}/Parse/Parse.framework",
			);
			name = "[CP] Embed Pods Frameworks";
			outputFileListPaths = (
			);
			outputPaths = (
				"${TARGET_BUILD_DIR}/${FRAMEWORKS_FOLDER_PATH}/Alamofire.framework",
				"${TARGET_BUILD_DIR}/${FRAMEWORKS_FOLDER_PATH}/AlamofireImage.framework",
				"${TARGET_BUILD_DIR}/${FRAMEWORKS_FOLDER_PATH}/Bolts.framework",
				"${TARGET_BUILD_DIR}/${FRAMEWORKS_FOLDER_PATH}/Parse.framework",
			);
			runOnlyForDeploymentPostprocessing = 0;
			shellPath = /bin/sh;
			shellScript = "\"${SRCROOT}/Pods/Target Support Files/Pods-Parstagram/Pods-Parstagram-frameworks.sh\"\n";
			showEnvVarsInLog = 0;
		};
/* End PBXShellScriptBuildPhase section */

/* Begin PBXSourcesBuildPhase section */
		225CC40D2217AA4100D30B7A /* Sources */ = {
			isa = PBXSourcesBuildPhase;
			buildActionMask = 2147483647;
			files = (
				227A8AF9221A2C510022A6BC /* LoginViewController.swift in Sources */,
				227A8AFD221A41BD0022A6BC /* CameraViewController.swift in Sources */,
				227A8AFB221A2C5A0022A6BC /* FeedViewController.swift in Sources */,
				225CC4152217AA4100D30B7A /* AppDelegate.swift in Sources */,
				227A8B01221A508E0022A6BC /* PostCell.swift in Sources */,
			);
			runOnlyForDeploymentPostprocessing = 0;
		};
		225CC4212217AA4200D30B7A /* Sources */ = {
			isa = PBXSourcesBuildPhase;
			buildActionMask = 2147483647;
			files = (
				225CC42A2217AA4200D30B7A /* ParstagramTests.swift in Sources */,
			);
			runOnlyForDeploymentPostprocessing = 0;
		};
		225CC42C2217AA4200D30B7A /* Sources */ = {
			isa = PBXSourcesBuildPhase;
			buildActionMask = 2147483647;
			files = (
				225CC4352217AA4200D30B7A /* ParstagramUITests.swift in Sources */,
			);
			runOnlyForDeploymentPostprocessing = 0;
		};
/* End PBXSourcesBuildPhase section */

/* Begin PBXTargetDependency section */
		225CC4272217AA4200D30B7A /* PBXTargetDependency */ = {
			isa = PBXTargetDependency;
			target = 225CC4102217AA4100D30B7A /* Parstagram */;
			targetProxy = 225CC4262217AA4200D30B7A /* PBXContainerItemProxy */;
		};
		225CC4322217AA4200D30B7A /* PBXTargetDependency */ = {
			isa = PBXTargetDependency;
			target = 225CC4102217AA4100D30B7A /* Parstagram */;
			targetProxy = 225CC4312217AA4200D30B7A /* PBXContainerItemProxy */;
		};
/* End PBXTargetDependency section */

/* Begin PBXVariantGroup section */
		225CC4182217AA4100D30B7A /* Main.storyboard */ = {
			isa = PBXVariantGroup;
			children = (
				225CC4192217AA4100D30B7A /* Base */,
			);
			name = Main.storyboard;
			sourceTree = "<group>";
		};
		225CC41D2217AA4100D30B7A /* LaunchScreen.storyboard */ = {
			isa = PBXVariantGroup;
			children = (
				225CC41E2217AA4100D30B7A /* Base */,
			);
			name = LaunchScreen.storyboard;
			sourceTree = "<group>";
		};
/* End PBXVariantGroup section */

/* Begin XCBuildConfiguration section */
		225CC4372217AA4200D30B7A /* Debug */ = {
			isa = XCBuildConfiguration;
			buildSettings = {
				ALWAYS_SEARCH_USER_PATHS = NO;
				CLANG_ANALYZER_NONNULL = YES;
				CLANG_ANALYZER_NUMBER_OBJECT_CONVERSION = YES_AGGRESSIVE;
				CLANG_CXX_LANGUAGE_STANDARD = "gnu++14";
				CLANG_CXX_LIBRARY = "libc++";
				CLANG_ENABLE_MODULES = YES;
				CLANG_ENABLE_OBJC_ARC = YES;
				CLANG_ENABLE_OBJC_WEAK = YES;
				CLANG_WARN_BLOCK_CAPTURE_AUTORELEASING = YES;
				CLANG_WARN_BOOL_CONVERSION = YES;
				CLANG_WARN_COMMA = YES;
				CLANG_WARN_CONSTANT_CONVERSION = YES;
				CLANG_WARN_DEPRECATED_OBJC_IMPLEMENTATIONS = YES;
				CLANG_WARN_DIRECT_OBJC_ISA_USAGE = YES_ERROR;
				CLANG_WARN_DOCUMENTATION_COMMENTS = YES;
				CLANG_WARN_EMPTY_BODY = YES;
				CLANG_WARN_ENUM_CONVERSION = YES;
				CLANG_WARN_INFINITE_RECURSION = YES;
				CLANG_WARN_INT_CONVERSION = YES;
				CLANG_WARN_NON_LITERAL_NULL_CONVERSION = YES;
				CLANG_WARN_OBJC_IMPLICIT_RETAIN_SELF = YES;
				CLANG_WARN_OBJC_LITERAL_CONVERSION = YES;
				CLANG_WARN_OBJC_ROOT_CLASS = YES_ERROR;
				CLANG_WARN_RANGE_LOOP_ANALYSIS = YES;
				CLANG_WARN_STRICT_PROTOTYPES = YES;
				CLANG_WARN_SUSPICIOUS_MOVE = YES;
				CLANG_WARN_UNGUARDED_AVAILABILITY = YES_AGGRESSIVE;
				CLANG_WARN_UNREACHABLE_CODE = YES;
				CLANG_WARN__DUPLICATE_METHOD_MATCH = YES;
				CODE_SIGN_IDENTITY = "iPhone Developer";
				COPY_PHASE_STRIP = NO;
				DEBUG_INFORMATION_FORMAT = dwarf;
				ENABLE_STRICT_OBJC_MSGSEND = YES;
				ENABLE_TESTABILITY = YES;
				GCC_C_LANGUAGE_STANDARD = gnu11;
				GCC_DYNAMIC_NO_PIC = NO;
				GCC_NO_COMMON_BLOCKS = YES;
				GCC_OPTIMIZATION_LEVEL = 0;
				GCC_PREPROCESSOR_DEFINITIONS = (
					"DEBUG=1",
					"$(inherited)",
				);
				GCC_WARN_64_TO_32_BIT_CONVERSION = YES;
				GCC_WARN_ABOUT_RETURN_TYPE = YES_ERROR;
				GCC_WARN_UNDECLARED_SELECTOR = YES;
				GCC_WARN_UNINITIALIZED_AUTOS = YES_AGGRESSIVE;
				GCC_WARN_UNUSED_FUNCTION = YES;
				GCC_WARN_UNUSED_VARIABLE = YES;
				IPHONEOS_DEPLOYMENT_TARGET = 12.1;
				MTL_ENABLE_DEBUG_INFO = INCLUDE_SOURCE;
				MTL_FAST_MATH = YES;
				ONLY_ACTIVE_ARCH = YES;
				SDKROOT = iphoneos;
				SWIFT_ACTIVE_COMPILATION_CONDITIONS = DEBUG;
				SWIFT_OPTIMIZATION_LEVEL = "-Onone";
			};
			name = Debug;
		};
		225CC4382217AA4200D30B7A /* Release */ = {
			isa = XCBuildConfiguration;
			buildSettings = {
				ALWAYS_SEARCH_USER_PATHS = NO;
				CLANG_ANALYZER_NONNULL = YES;
				CLANG_ANALYZER_NUMBER_OBJECT_CONVERSION = YES_AGGRESSIVE;
				CLANG_CXX_LANGUAGE_STANDARD = "gnu++14";
				CLANG_CXX_LIBRARY = "libc++";
				CLANG_ENABLE_MODULES = YES;
				CLANG_ENABLE_OBJC_ARC = YES;
				CLANG_ENABLE_OBJC_WEAK = YES;
				CLANG_WARN_BLOCK_CAPTURE_AUTORELEASING = YES;
				CLANG_WARN_BOOL_CONVERSION = YES;
				CLANG_WARN_COMMA = YES;
				CLANG_WARN_CONSTANT_CONVERSION = YES;
				CLANG_WARN_DEPRECATED_OBJC_IMPLEMENTATIONS = YES;
				CLANG_WARN_DIRECT_OBJC_ISA_USAGE = YES_ERROR;
				CLANG_WARN_DOCUMENTATION_COMMENTS = YES;
				CLANG_WARN_EMPTY_BODY = YES;
				CLANG_WARN_ENUM_CONVERSION = YES;
				CLANG_WARN_INFINITE_RECURSION = YES;
				CLANG_WARN_INT_CONVERSION = YES;
				CLANG_WARN_NON_LITERAL_NULL_CONVERSION = YES;
				CLANG_WARN_OBJC_IMPLICIT_RETAIN_SELF = YES;
				CLANG_WARN_OBJC_LITERAL_CONVERSION = YES;
				CLANG_WARN_OBJC_ROOT_CLASS = YES_ERROR;
				CLANG_WARN_RANGE_LOOP_ANALYSIS = YES;
				CLANG_WARN_STRICT_PROTOTYPES = YES;
				CLANG_WARN_SUSPICIOUS_MOVE = YES;
				CLANG_WARN_UNGUARDED_AVAILABILITY = YES_AGGRESSIVE;
				CLANG_WARN_UNREACHABLE_CODE = YES;
				CLANG_WARN__DUPLICATE_METHOD_MATCH = YES;
				CODE_SIGN_IDENTITY = "iPhone Developer";
				COPY_PHASE_STRIP = NO;
				DEBUG_INFORMATION_FORMAT = "dwarf-with-dsym";
				ENABLE_NS_ASSERTIONS = NO;
				ENABLE_STRICT_OBJC_MSGSEND = YES;
				GCC_C_LANGUAGE_STANDARD = gnu11;
				GCC_NO_COMMON_BLOCKS = YES;
				GCC_WARN_64_TO_32_BIT_CONVERSION = YES;
				GCC_WARN_ABOUT_RETURN_TYPE = YES_ERROR;
				GCC_WARN_UNDECLARED_SELECTOR = YES;
				GCC_WARN_UNINITIALIZED_AUTOS = YES_AGGRESSIVE;
				GCC_WARN_UNUSED_FUNCTION = YES;
				GCC_WARN_UNUSED_VARIABLE = YES;
				IPHONEOS_DEPLOYMENT_TARGET = 12.1;
				MTL_ENABLE_DEBUG_INFO = NO;
				MTL_FAST_MATH = YES;
				SDKROOT = iphoneos;
				SWIFT_COMPILATION_MODE = wholemodule;
				SWIFT_OPTIMIZATION_LEVEL = "-O";
				VALIDATE_PRODUCT = YES;
			};
			name = Release;
		};
		225CC43A2217AA4200D30B7A /* Debug */ = {
			isa = XCBuildConfiguration;
			baseConfigurationReference = 74AAF72C7D812A4DC7F6E5DC /* Pods-Parstagram.debug.xcconfig */;
			buildSettings = {
				ASSETCATALOG_COMPILER_APPICON_NAME = AppIcon;
				CODE_SIGN_STYLE = Automatic;
				DEVELOPMENT_TEAM = A26N937838;
				INFOPLIST_FILE = Parstagram/Info.plist;
				LD_RUNPATH_SEARCH_PATHS = (
					"$(inherited)",
					"@executable_path/Frameworks",
				);
				PRODUCT_BUNDLE_IDENTIFIER = Sam.playground.Parstagram;
				PRODUCT_NAME = "$(TARGET_NAME)";
				SWIFT_VERSION = 4.2;
				TARGETED_DEVICE_FAMILY = "1,2";
			};
			name = Debug;
		};
		225CC43B2217AA4200D30B7A /* Release */ = {
			isa = XCBuildConfiguration;
			baseConfigurationReference = 0E345D1E080AF43AB2A5DE0D /* Pods-Parstagram.release.xcconfig */;
			buildSettings = {
				ASSETCATALOG_COMPILER_APPICON_NAME = AppIcon;
				CODE_SIGN_STYLE = Automatic;
				DEVELOPMENT_TEAM = A26N937838;
				INFOPLIST_FILE = Parstagram/Info.plist;
				LD_RUNPATH_SEARCH_PATHS = (
					"$(inherited)",
					"@executable_path/Frameworks",
				);
				PRODUCT_BUNDLE_IDENTIFIER = Sam.playground.Parstagram;
				PRODUCT_NAME = "$(TARGET_NAME)";
				SWIFT_VERSION = 4.2;
				TARGETED_DEVICE_FAMILY = "1,2";
			};
			name = Release;
		};
		225CC43D2217AA4200D30B7A /* Debug */ = {
			isa = XCBuildConfiguration;
			baseConfigurationReference = AEAD954E4FE239E8F62FC49E /* Pods-ParstagramTests.debug.xcconfig */;
			buildSettings = {
				ALWAYS_EMBED_SWIFT_STANDARD_LIBRARIES = YES;
				BUNDLE_LOADER = "$(TEST_HOST)";
				CODE_SIGN_STYLE = Automatic;
				INFOPLIST_FILE = ParstagramTests/Info.plist;
				LD_RUNPATH_SEARCH_PATHS = (
					"$(inherited)",
					"@executable_path/Frameworks",
					"@loader_path/Frameworks",
				);
				PRODUCT_BUNDLE_IDENTIFIER = Sam.playground.ParstagramTests;
				PRODUCT_NAME = "$(TARGET_NAME)";
				SWIFT_VERSION = 4.2;
				TARGETED_DEVICE_FAMILY = "1,2";
				TEST_HOST = "$(BUILT_PRODUCTS_DIR)/Parstagram.app/Parstagram";
			};
			name = Debug;
		};
		225CC43E2217AA4200D30B7A /* Release */ = {
			isa = XCBuildConfiguration;
			baseConfigurationReference = 99529B8E503D824CD8746A64 /* Pods-ParstagramTests.release.xcconfig */;
			buildSettings = {
				ALWAYS_EMBED_SWIFT_STANDARD_LIBRARIES = YES;
				BUNDLE_LOADER = "$(TEST_HOST)";
				CODE_SIGN_STYLE = Automatic;
				INFOPLIST_FILE = ParstagramTests/Info.plist;
				LD_RUNPATH_SEARCH_PATHS = (
					"$(inherited)",
					"@executable_path/Frameworks",
					"@loader_path/Frameworks",
				);
				PRODUCT_BUNDLE_IDENTIFIER = Sam.playground.ParstagramTests;
				PRODUCT_NAME = "$(TARGET_NAME)";
				SWIFT_VERSION = 4.2;
				TARGETED_DEVICE_FAMILY = "1,2";
				TEST_HOST = "$(BUILT_PRODUCTS_DIR)/Parstagram.app/Parstagram";
			};
			name = Release;
		};
		225CC4402217AA4200D30B7A /* Debug */ = {
			isa = XCBuildConfiguration;
			baseConfigurationReference = B92D02194A4E8521B0462580 /* Pods-ParstagramUITests.debug.xcconfig */;
			buildSettings = {
				ALWAYS_EMBED_SWIFT_STANDARD_LIBRARIES = YES;
				CODE_SIGN_STYLE = Automatic;
				INFOPLIST_FILE = ParstagramUITests/Info.plist;
				LD_RUNPATH_SEARCH_PATHS = (
					"$(inherited)",
					"@executable_path/Frameworks",
					"@loader_path/Frameworks",
				);
				PRODUCT_BUNDLE_IDENTIFIER = Sam.playground.ParstagramUITests;
				PRODUCT_NAME = "$(TARGET_NAME)";
				SWIFT_VERSION = 4.2;
				TARGETED_DEVICE_FAMILY = "1,2";
				TEST_TARGET_NAME = Parstagram;
			};
			name = Debug;
		};
		225CC4412217AA4200D30B7A /* Release */ = {
			isa = XCBuildConfiguration;
			baseConfigurationReference = 73E24907071C06CA8E99609E /* Pods-ParstagramUITests.release.xcconfig */;
			buildSettings = {
				ALWAYS_EMBED_SWIFT_STANDARD_LIBRARIES = YES;
				CODE_SIGN_STYLE = Automatic;
				INFOPLIST_FILE = ParstagramUITests/Info.plist;
				LD_RUNPATH_SEARCH_PATHS = (
					"$(inherited)",
					"@executable_path/Frameworks",
					"@loader_path/Frameworks",
				);
				PRODUCT_BUNDLE_IDENTIFIER = Sam.playground.ParstagramUITests;
				PRODUCT_NAME = "$(TARGET_NAME)";
				SWIFT_VERSION = 4.2;
				TARGETED_DEVICE_FAMILY = "1,2";
				TEST_TARGET_NAME = Parstagram;
			};
			name = Release;
		};
/* End XCBuildConfiguration section */

/* Begin XCConfigurationList section */
		225CC40C2217AA4100D30B7A /* Build configuration list for PBXProject "Parstagram" */ = {
			isa = XCConfigurationList;
			buildConfigurations = (
				225CC4372217AA4200D30B7A /* Debug */,
				225CC4382217AA4200D30B7A /* Release */,
			);
			defaultConfigurationIsVisible = 0;
			defaultConfigurationName = Release;
		};
		225CC4392217AA4200D30B7A /* Build configuration list for PBXNativeTarget "Parstagram" */ = {
			isa = XCConfigurationList;
			buildConfigurations = (
				225CC43A2217AA4200D30B7A /* Debug */,
				225CC43B2217AA4200D30B7A /* Release */,
			);
			defaultConfigurationIsVisible = 0;
			defaultConfigurationName = Release;
		};
		225CC43C2217AA4200D30B7A /* Build configuration list for PBXNativeTarget "ParstagramTests" */ = {
			isa = XCConfigurationList;
			buildConfigurations = (
				225CC43D2217AA4200D30B7A /* Debug */,
				225CC43E2217AA4200D30B7A /* Release */,
			);
			defaultConfigurationIsVisible = 0;
			defaultConfigurationName = Release;
		};
		225CC43F2217AA4200D30B7A /* Build configuration list for PBXNativeTarget "ParstagramUITests" */ = {
			isa = XCConfigurationList;
			buildConfigurations = (
				225CC4402217AA4200D30B7A /* Debug */,
				225CC4412217AA4200D30B7A /* Release */,
			);
			defaultConfigurationIsVisible = 0;
			defaultConfigurationName = Release;
		};
/* End XCConfigurationList section */
	};
	rootObject = 225CC4092217AA4100D30B7A /* Project object */;
}
